// !$*UTF8*$!
{
	archiveVersion = 1;
	classes = {
	};
	objectVersion = 50;
	objects = {

/* Begin PBXBuildFile section */
		4D2921332255B73900AC5447 /* CJLayout.swift in Sources */ = {isa = PBXBuildFile; fileRef = 4D2921322255B73900AC5447 /* CJLayout.swift */; };
		4D5D0754225ADDB100BE525F /* UIView+extension.swift in Sources */ = {isa = PBXBuildFile; fileRef = 4D5D0753225ADDB100BE525F /* UIView+extension.swift */; };
		4D5D0756225ADF7900BE525F /* CJCalculateUtilities.swift in Sources */ = {isa = PBXBuildFile; fileRef = 4D5D0755225ADF7900BE525F /* CJCalculateUtilities.swift */; };
		4D5D0759225AE34800BE525F /* UIColor+extension.swift in Sources */ = {isa = PBXBuildFile; fileRef = 4D5D0758225AE34800BE525F /* UIColor+extension.swift */; };
		4D5D075B225AE3A800BE525F /* UIImage+Extension.swift in Sources */ = {isa = PBXBuildFile; fileRef = 4D5D075A225AE3A800BE525F /* UIImage+Extension.swift */; };
		4D5D077B225B109600BE525F /* NSLayoutConstraint+extension.swift in Sources */ = {isa = PBXBuildFile; fileRef = 4D5D077A225B109600BE525F /* NSLayoutConstraint+extension.swift */; };
		4DA564E0225351F300DC50AF /* AppDelegate.swift in Sources */ = {isa = PBXBuildFile; fileRef = 4DA564DF225351F300DC50AF /* AppDelegate.swift */; };
		4DA564E2225351F300DC50AF /* ViewController.swift in Sources */ = {isa = PBXBuildFile; fileRef = 4DA564E1225351F300DC50AF /* ViewController.swift */; };
		4DA564E5225351F300DC50AF /* Main.storyboard in Resources */ = {isa = PBXBuildFile; fileRef = 4DA564E3225351F300DC50AF /* Main.storyboard */; };
		4DA564E7225351F400DC50AF /* Assets.xcassets in Resources */ = {isa = PBXBuildFile; fileRef = 4DA564E6225351F400DC50AF /* Assets.xcassets */; };
		4DA564EA225351F400DC50AF /* LaunchScreen.storyboard in Resources */ = {isa = PBXBuildFile; fileRef = 4DA564E8225351F400DC50AF /* LaunchScreen.storyboard */; };
		4DA564F32253532000DC50AF /* CJButtonViewController.swift in Sources */ = {isa = PBXBuildFile; fileRef = 4DA564F22253532000DC50AF /* CJButtonViewController.swift */; };
		4DA564F52253539200DC50AF /* CJLayoutButton.swift in Sources */ = {isa = PBXBuildFile; fileRef = 4DA564F42253539100DC50AF /* CJLayoutButton.swift */; };
		4DB6DD43225496F2004FD21F /* CJParseUtilities.swift in Sources */ = {isa = PBXBuildFile; fileRef = 4DB6DD42225496F2004FD21F /* CJParseUtilities.swift */; };
		4DB6DD452254975F004FD21F /* CJParseViewController.swift in Sources */ = {isa = PBXBuildFile; fileRef = 4DB6DD442254975F004FD21F /* CJParseViewController.swift */; };
		4DB6DD47225497DD004FD21F /* Data.json in Resources */ = {isa = PBXBuildFile; fileRef = 4DB6DD46225497DD004FD21F /* Data.json */; };
		4DB6DD4B2254A89D004FD21F /* CJParseModel.swift in Sources */ = {isa = PBXBuildFile; fileRef = 4DB6DD4A2254A89D004FD21F /* CJParseModel.swift */; };
/* End PBXBuildFile section */

/* Begin PBXFileReference section */
		4D2921322255B73900AC5447 /* CJLayout.swift */ = {isa = PBXFileReference; lastKnownFileType = sourcecode.swift; path = CJLayout.swift; sourceTree = "<group>"; };
		4D5D0753225ADDB100BE525F /* UIView+extension.swift */ = {isa = PBXFileReference; fileEncoding = 4; lastKnownFileType = sourcecode.swift; path = "UIView+extension.swift"; sourceTree = "<group>"; };
		4D5D0755225ADF7900BE525F /* CJCalculateUtilities.swift */ = {isa = PBXFileReference; lastKnownFileType = sourcecode.swift; path = CJCalculateUtilities.swift; sourceTree = "<group>"; };
		4D5D0758225AE34800BE525F /* UIColor+extension.swift */ = {isa = PBXFileReference; fileEncoding = 4; lastKnownFileType = sourcecode.swift; path = "UIColor+extension.swift"; sourceTree = "<group>"; };
		4D5D075A225AE3A800BE525F /* UIImage+Extension.swift */ = {isa = PBXFileReference; fileEncoding = 4; lastKnownFileType = sourcecode.swift; path = "UIImage+Extension.swift"; sourceTree = "<group>"; };
		4D5D077A225B109600BE525F /* NSLayoutConstraint+extension.swift */ = {isa = PBXFileReference; lastKnownFileType = sourcecode.swift; path = "NSLayoutConstraint+extension.swift"; sourceTree = "<group>"; };
		4DA564DC225351F300DC50AF /* CJDemo.app */ = {isa = PBXFileReference; explicitFileType = wrapper.application; includeInIndex = 0; path = CJDemo.app; sourceTree = BUILT_PRODUCTS_DIR; };
		4DA564DF225351F300DC50AF /* AppDelegate.swift */ = {isa = PBXFileReference; lastKnownFileType = sourcecode.swift; path = AppDelegate.swift; sourceTree = "<group>"; };
		4DA564E1225351F300DC50AF /* ViewController.swift */ = {isa = PBXFileReference; lastKnownFileType = sourcecode.swift; path = ViewController.swift; sourceTree = "<group>"; };
		4DA564E4225351F300DC50AF /* Base */ = {isa = PBXFileReference; lastKnownFileType = file.storyboard; name = Base; path = Base.lproj/Main.storyboard; sourceTree = "<group>"; };
		4DA564E6225351F400DC50AF /* Assets.xcassets */ = {isa = PBXFileReference; lastKnownFileType = folder.assetcatalog; path = Assets.xcassets; sourceTree = "<group>"; };
		4DA564E9225351F400DC50AF /* Base */ = {isa = PBXFileReference; lastKnownFileType = file.storyboard; name = Base; path = Base.lproj/LaunchScreen.storyboard; sourceTree = "<group>"; };
		4DA564EB225351F400DC50AF /* Info.plist */ = {isa = PBXFileReference; lastKnownFileType = text.plist.xml; path = Info.plist; sourceTree = "<group>"; };
		4DA564F22253532000DC50AF /* CJButtonViewController.swift */ = {isa = PBXFileReference; lastKnownFileType = sourcecode.swift; path = CJButtonViewController.swift; sourceTree = "<group>"; };
		4DA564F42253539100DC50AF /* CJLayoutButton.swift */ = {isa = PBXFileReference; fileEncoding = 4; lastKnownFileType = sourcecode.swift; path = CJLayoutButton.swift; sourceTree = "<group>"; };
		4DB6DD42225496F2004FD21F /* CJParseUtilities.swift */ = {isa = PBXFileReference; fileEncoding = 4; lastKnownFileType = sourcecode.swift; path = CJParseUtilities.swift; sourceTree = "<group>"; };
		4DB6DD442254975F004FD21F /* CJParseViewController.swift */ = {isa = PBXFileReference; lastKnownFileType = sourcecode.swift; path = CJParseViewController.swift; sourceTree = "<group>"; };
		4DB6DD46225497DD004FD21F /* Data.json */ = {isa = PBXFileReference; fileEncoding = 4; lastKnownFileType = text.json; path = Data.json; sourceTree = "<group>"; };
		4DB6DD4A2254A89D004FD21F /* CJParseModel.swift */ = {isa = PBXFileReference; lastKnownFileType = sourcecode.swift; path = CJParseModel.swift; sourceTree = "<group>"; };
/* End PBXFileReference section */

/* Begin PBXFrameworksBuildPhase section */
		4DA564D9225351F300DC50AF /* Frameworks */ = {
			isa = PBXFrameworksBuildPhase;
			buildActionMask = 2147483647;
			files = (
			);
			runOnlyForDeploymentPostprocessing = 0;
		};
/* End PBXFrameworksBuildPhase section */

/* Begin PBXGroup section */
		4D2921312255B71B00AC5447 /* CJLayout */ = {
			isa = PBXGroup;
			children = (
				4D2921322255B73900AC5447 /* CJLayout.swift */,
				4D5D0753225ADDB100BE525F /* UIView+extension.swift */,
				4D5D0755225ADF7900BE525F /* CJCalculateUtilities.swift */,
				4D5D077A225B109600BE525F /* NSLayoutConstraint+extension.swift */,
			);
			path = CJLayout;
			sourceTree = "<group>";
		};
		4D5D0757225AE33F00BE525F /* Others */ = {
			isa = PBXGroup;
			children = (
				4D5D075A225AE3A800BE525F /* UIImage+Extension.swift */,
				4D5D0758225AE34800BE525F /* UIColor+extension.swift */,
			);
			path = Others;
			sourceTree = "<group>";
		};
		4DA564D3225351F300DC50AF = {
			isa = PBXGroup;
			children = (
				4DA564DE225351F300DC50AF /* CJDemo */,
				4DA564DD225351F300DC50AF /* Products */,
			);
			sourceTree = "<group>";
		};
		4DA564DD225351F300DC50AF /* Products */ = {
			isa = PBXGroup;
			children = (
				4DA564DC225351F300DC50AF /* CJDemo.app */,
			);
			name = Products;
			sourceTree = "<group>";
		};
		4DA564DE225351F300DC50AF /* CJDemo */ = {
			isa = PBXGroup;
			children = (
				4D5D0757225AE33F00BE525F /* Others */,
				4D2921312255B71B00AC5447 /* CJLayout */,
				4DA564F12253525A00DC50AF /* CJButton */,
				4DB6DD41225496E3004FD21F /* CJParse */,
				4DA564DF225351F300DC50AF /* AppDelegate.swift */,
				4DA564E1225351F300DC50AF /* ViewController.swift */,
				4DA564E3225351F300DC50AF /* Main.storyboard */,
				4DA564E6225351F400DC50AF /* Assets.xcassets */,
				4DA564E8225351F400DC50AF /* LaunchScreen.storyboard */,
				4DA564EB225351F400DC50AF /* Info.plist */,
			);
			path = CJDemo;
			sourceTree = "<group>";
		};
		4DA564F12253525A00DC50AF /* CJButton */ = {
			isa = PBXGroup;
			children = (
				4DB6DD48225497E4004FD21F /* Kit */,
				4DA564F22253532000DC50AF /* CJButtonViewController.swift */,
			);
			path = CJButton;
			sourceTree = "<group>";
		};
		4DB6DD41225496E3004FD21F /* CJParse */ = {
			isa = PBXGroup;
			children = (
				4DB6DD49225497FA004FD21F /* Kit */,
				4DB6DD46225497DD004FD21F /* Data.json */,
				4DB6DD442254975F004FD21F /* CJParseViewController.swift */,
				4DB6DD4A2254A89D004FD21F /* CJParseModel.swift */,
			);
			path = CJParse;
			sourceTree = "<group>";
		};
		4DB6DD48225497E4004FD21F /* Kit */ = {
			isa = PBXGroup;
			children = (
				4DA564F42253539100DC50AF /* CJLayoutButton.swift */,
			);
			path = Kit;
			sourceTree = "<group>";
		};
		4DB6DD49225497FA004FD21F /* Kit */ = {
			isa = PBXGroup;
			children = (
				4DB6DD42225496F2004FD21F /* CJParseUtilities.swift */,
			);
			path = Kit;
			sourceTree = "<group>";
		};
/* End PBXGroup section */

/* Begin PBXNativeTarget section */
		4DA564DB225351F300DC50AF /* CJDemo */ = {
			isa = PBXNativeTarget;
			buildConfigurationList = 4DA564EE225351F400DC50AF /* Build configuration list for PBXNativeTarget "CJDemo" */;
			buildPhases = (
				4DA564D8225351F300DC50AF /* Sources */,
				4DA564D9225351F300DC50AF /* Frameworks */,
				4DA564DA225351F300DC50AF /* Resources */,
			);
			buildRules = (
			);
			dependencies = (
			);
			name = CJDemo;
			productName = CJDemo;
			productReference = 4DA564DC225351F300DC50AF /* CJDemo.app */;
			productType = "com.apple.product-type.application";
		};
/* End PBXNativeTarget section */

/* Begin PBXProject section */
		4DA564D4225351F300DC50AF /* Project object */ = {
			isa = PBXProject;
			attributes = {
				LastSwiftUpdateCheck = 1020;
				LastUpgradeCheck = 1020;
				ORGANIZATIONNAME = "曹洸铭";
				TargetAttributes = {
					4DA564DB225351F300DC50AF = {
						CreatedOnToolsVersion = 10.2;
					};
				};
			};
			buildConfigurationList = 4DA564D7225351F300DC50AF /* Build configuration list for PBXProject "CJDemo" */;
			compatibilityVersion = "Xcode 9.3";
			developmentRegion = en;
			hasScannedForEncodings = 0;
			knownRegions = (
				en,
				Base,
			);
			mainGroup = 4DA564D3225351F300DC50AF;
			productRefGroup = 4DA564DD225351F300DC50AF /* Products */;
			projectDirPath = "";
			projectRoot = "";
			targets = (
				4DA564DB225351F300DC50AF /* CJDemo */,
			);
		};
/* End PBXProject section */

/* Begin PBXResourcesBuildPhase section */
		4DA564DA225351F300DC50AF /* Resources */ = {
			isa = PBXResourcesBuildPhase;
			buildActionMask = 2147483647;
			files = (
				4DA564EA225351F400DC50AF /* LaunchScreen.storyboard in Resources */,
				4DA564E7225351F400DC50AF /* Assets.xcassets in Resources */,
				4DA564E5225351F300DC50AF /* Main.storyboard in Resources */,
				4DB6DD47225497DD004FD21F /* Data.json in Resources */,
			);
			runOnlyForDeploymentPostprocessing = 0;
		};
/* End PBXResourcesBuildPhase section */

/* Begin PBXSourcesBuildPhase section */
		4DA564D8225351F300DC50AF /* Sources */ = {
			isa = PBXSourcesBuildPhase;
			buildActionMask = 2147483647;
			files = (
				4D5D077B225B109600BE525F /* NSLayoutConstraint+extension.swift in Sources */,
				4DA564F32253532000DC50AF /* CJButtonViewController.swift in Sources */,
				4DB6DD452254975F004FD21F /* CJParseViewController.swift in Sources */,
				4DB6DD43225496F2004FD21F /* CJParseUtilities.swift in Sources */,
				4D5D075B225AE3A800BE525F /* UIImage+Extension.swift in Sources */,
				4D5D0754225ADDB100BE525F /* UIView+extension.swift in Sources */,
				4DB6DD4B2254A89D004FD21F /* CJParseModel.swift in Sources */,
				4D2921332255B73900AC5447 /* CJLayout.swift in Sources */,
				4DA564E2225351F300DC50AF /* ViewController.swift in Sources */,
				4DA564F52253539200DC50AF /* CJLayoutButton.swift in Sources */,
				4D5D0759225AE34800BE525F /* UIColor+extension.swift in Sources */,
				4D5D0756225ADF7900BE525F /* CJCalculateUtilities.swift in Sources */,
				4DA564E0225351F300DC50AF /* AppDelegate.swift in Sources */,
			);
			runOnlyForDeploymentPostprocessing = 0;
		};
/* End PBXSourcesBuildPhase section */

/* Begin PBXVariantGroup section */
		4DA564E3225351F300DC50AF /* Main.storyboard */ = {
			isa = PBXVariantGroup;
			children = (
				4DA564E4225351F300DC50AF /* Base */,
			);
			name = Main.storyboard;
			sourceTree = "<group>";
		};
		4DA564E8225351F400DC50AF /* LaunchScreen.storyboard */ = {
			isa = PBXVariantGroup;
			children = (
				4DA564E9225351F400DC50AF /* Base */,
			);
			name = LaunchScreen.storyboard;
			sourceTree = "<group>";
		};
/* End PBXVariantGroup section */

/* Begin XCBuildConfiguration section */
		4DA564EC225351F400DC50AF /* Debug */ = {
			isa = XCBuildConfiguration;
			buildSettings = {
				ALWAYS_SEARCH_USER_PATHS = NO;
				CLANG_ANALYZER_NONNULL = YES;
				CLANG_ANALYZER_NUMBER_OBJECT_CONVERSION = YES_AGGRESSIVE;
				CLANG_CXX_LANGUAGE_STANDARD = "gnu++14";
				CLANG_CXX_LIBRARY = "libc++";
				CLANG_ENABLE_MODULES = YES;
				CLANG_ENABLE_OBJC_ARC = YES;
				CLANG_ENABLE_OBJC_WEAK = YES;
				CLANG_WARN_BLOCK_CAPTURE_AUTORELEASING = YES;
				CLANG_WARN_BOOL_CONVERSION = YES;
				CLANG_WARN_COMMA = YES;
				CLANG_WARN_CONSTANT_CONVERSION = YES;
				CLANG_WARN_DEPRECATED_OBJC_IMPLEMENTATIONS = YES;
				CLANG_WARN_DIRECT_OBJC_ISA_USAGE = YES_ERROR;
				CLANG_WARN_DOCUMENTATION_COMMENTS = YES;
				CLANG_WARN_EMPTY_BODY = YES;
				CLANG_WARN_ENUM_CONVERSION = YES;
				CLANG_WARN_INFINITE_RECURSION = YES;
				CLANG_WARN_INT_CONVERSION = YES;
				CLANG_WARN_NON_LITERAL_NULL_CONVERSION = YES;
				CLANG_WARN_OBJC_IMPLICIT_RETAIN_SELF = YES;
				CLANG_WARN_OBJC_LITERAL_CONVERSION = YES;
				CLANG_WARN_OBJC_ROOT_CLASS = YES_ERROR;
				CLANG_WARN_RANGE_LOOP_ANALYSIS = YES;
				CLANG_WARN_STRICT_PROTOTYPES = YES;
				CLANG_WARN_SUSPICIOUS_MOVE = YES;
				CLANG_WARN_UNGUARDED_AVAILABILITY = YES_AGGRESSIVE;
				CLANG_WARN_UNREACHABLE_CODE = YES;
				CLANG_WARN__DUPLICATE_METHOD_MATCH = YES;
				CODE_SIGN_IDENTITY = "iPhone Developer";
				COPY_PHASE_STRIP = NO;
				DEBUG_INFORMATION_FORMAT = dwarf;
				ENABLE_STRICT_OBJC_MSGSEND = YES;
				ENABLE_TESTABILITY = YES;
				GCC_C_LANGUAGE_STANDARD = gnu11;
				GCC_DYNAMIC_NO_PIC = NO;
				GCC_NO_COMMON_BLOCKS = YES;
				GCC_OPTIMIZATION_LEVEL = 0;
				GCC_PREPROCESSOR_DEFINITIONS = (
					"DEBUG=1",
					"$(inherited)",
				);
				GCC_WARN_64_TO_32_BIT_CONVERSION = YES;
				GCC_WARN_ABOUT_RETURN_TYPE = YES_ERROR;
				GCC_WARN_UNDECLARED_SELECTOR = YES;
				GCC_WARN_UNINITIALIZED_AUTOS = YES_AGGRESSIVE;
				GCC_WARN_UNUSED_FUNCTION = YES;
				GCC_WARN_UNUSED_VARIABLE = YES;
				IPHONEOS_DEPLOYMENT_TARGET = 12.2;
				MTL_ENABLE_DEBUG_INFO = INCLUDE_SOURCE;
				MTL_FAST_MATH = YES;
				ONLY_ACTIVE_ARCH = YES;
				SDKROOT = iphoneos;
				SWIFT_ACTIVE_COMPILATION_CONDITIONS = DEBUG;
				SWIFT_OPTIMIZATION_LEVEL = "-Onone";
			};
			name = Debug;
		};
		4DA564ED225351F400DC50AF /* Release */ = {
			isa = XCBuildConfiguration;
			buildSettings = {
				ALWAYS_SEARCH_USER_PATHS = NO;
				CLANG_ANALYZER_NONNULL = YES;
				CLANG_ANALYZER_NUMBER_OBJECT_CONVERSION = YES_AGGRESSIVE;
				CLANG_CXX_LANGUAGE_STANDARD = "gnu++14";
				CLANG_CXX_LIBRARY = "libc++";
				CLANG_ENABLE_MODULES = YES;
				CLANG_ENABLE_OBJC_ARC = YES;
				CLANG_ENABLE_OBJC_WEAK = YES;
				CLANG_WARN_BLOCK_CAPTURE_AUTORELEASING = YES;
				CLANG_WARN_BOOL_CONVERSION = YES;
				CLANG_WARN_COMMA = YES;
				CLANG_WARN_CONSTANT_CONVERSION = YES;
				CLANG_WARN_DEPRECATED_OBJC_IMPLEMENTATIONS = YES;
				CLANG_WARN_DIRECT_OBJC_ISA_USAGE = YES_ERROR;
				CLANG_WARN_DOCUMENTATION_COMMENTS = YES;
				CLANG_WARN_EMPTY_BODY = YES;
				CLANG_WARN_ENUM_CONVERSION = YES;
				CLANG_WARN_INFINITE_RECURSION = YES;
				CLANG_WARN_INT_CONVERSION = YES;
				CLANG_WARN_NON_LITERAL_NULL_CONVERSION = YES;
				CLANG_WARN_OBJC_IMPLICIT_RETAIN_SELF = YES;
				CLANG_WARN_OBJC_LITERAL_CONVERSION = YES;
				CLANG_WARN_OBJC_ROOT_CLASS = YES_ERROR;
				CLANG_WARN_RANGE_LOOP_ANALYSIS = YES;
				CLANG_WARN_STRICT_PROTOTYPES = YES;
				CLANG_WARN_SUSPICIOUS_MOVE = YES;
				CLANG_WARN_UNGUARDED_AVAILABILITY = YES_AGGRESSIVE;
				CLANG_WARN_UNREACHABLE_CODE = YES;
				CLANG_WARN__DUPLICATE_METHOD_MATCH = YES;
				CODE_SIGN_IDENTITY = "iPhone Developer";
				COPY_PHASE_STRIP = NO;
				DEBUG_INFORMATION_FORMAT = "dwarf-with-dsym";
				ENABLE_NS_ASSERTIONS = NO;
				ENABLE_STRICT_OBJC_MSGSEND = YES;
				GCC_C_LANGUAGE_STANDARD = gnu11;
				GCC_NO_COMMON_BLOCKS = YES;
				GCC_WARN_64_TO_32_BIT_CONVERSION = YES;
				GCC_WARN_ABOUT_RETURN_TYPE = YES_ERROR;
				GCC_WARN_UNDECLARED_SELECTOR = YES;
				GCC_WARN_UNINITIALIZED_AUTOS = YES_AGGRESSIVE;
				GCC_WARN_UNUSED_FUNCTION = YES;
				GCC_WARN_UNUSED_VARIABLE = YES;
				IPHONEOS_DEPLOYMENT_TARGET = 12.2;
				MTL_ENABLE_DEBUG_INFO = NO;
				MTL_FAST_MATH = YES;
				SDKROOT = iphoneos;
				SWIFT_COMPILATION_MODE = wholemodule;
				SWIFT_OPTIMIZATION_LEVEL = "-O";
				VALIDATE_PRODUCT = YES;
			};
			name = Release;
		};
		4DA564EF225351F400DC50AF /* Debug */ = {
			isa = XCBuildConfiguration;
			buildSettings = {
				ASSETCATALOG_COMPILER_APPICON_NAME = AppIcon;
				CODE_SIGN_STYLE = Automatic;
				DEVELOPMENT_TEAM = 97HBFD878X;
				INFOPLIST_FILE = CJDemo/Info.plist;
				IPHONEOS_DEPLOYMENT_TARGET = 9.0;
				LD_RUNPATH_SEARCH_PATHS = (
					"$(inherited)",
					"@executable_path/Frameworks",
				);
				PRODUCT_BUNDLE_IDENTIFIER = com.private.CJDemo;
				PRODUCT_NAME = "$(TARGET_NAME)";
				SWIFT_VERSION = 5.0;
				TARGETED_DEVICE_FAMILY = "1,2";
			};
			name = Debug;
		};
		4DA564F0225351F400DC50AF /* Release */ = {
			isa = XCBuildConfiguration;
			buildSettings = {
				ASSETCATALOG_COMPILER_APPICON_NAME = AppIcon;
				CODE_SIGN_STYLE = Automatic;
				DEVELOPMENT_TEAM = 97HBFD878X;
				INFOPLIST_FILE = CJDemo/Info.plist;
				IPHONEOS_DEPLOYMENT_TARGET = 9.0;
				LD_RUNPATH_SEARCH_PATHS = (
					"$(inherited)",
					"@executable_path/Frameworks",
				);
				PRODUCT_BUNDLE_IDENTIFIER = com.private.CJDemo;
				PRODUCT_NAME = "$(TARGET_NAME)";
				SWIFT_VERSION = 5.0;
				TARGETED_DEVICE_FAMILY = "1,2";
			};
			name = Release;
		};
/* End XCBuildConfiguration section */

/* Begin XCConfigurationList section */
		4DA564D7225351F300DC50AF /* Build configuration list for PBXProject "CJDemo" */ = {
			isa = XCConfigurationList;
			buildConfigurations = (
				4DA564EC225351F400DC50AF /* Debug */,
				4DA564ED225351F400DC50AF /* Release */,
			);
			defaultConfigurationIsVisible = 0;
			defaultConfigurationName = Release;
		};
		4DA564EE225351F400DC50AF /* Build configuration list for PBXNativeTarget "CJDemo" */ = {
			isa = XCConfigurationList;
			buildConfigurations = (
				4DA564EF225351F400DC50AF /* Debug */,
				4DA564F0225351F400DC50AF /* Release */,
			);
			defaultConfigurationIsVisible = 0;
			defaultConfigurationName = Release;
		};
/* End XCConfigurationList section */
	};
	rootObject = 4DA564D4225351F300DC50AF /* Project object */;
}
